// !$*UTF8*$!
{
	archiveVersion = 1;
	classes = {
	};
	objectVersion = 46;
	objects = {

/* Begin PBXBuildFile section */
		1C45C48C1F5E5A8D007F5FB7 /* College+CoreDataClass.swift in Sources */ = {isa = PBXBuildFile; fileRef = 1C45C4881F5E5A8D007F5FB7 /* College+CoreDataClass.swift */; };
		1C45C48D1F5E5A8D007F5FB7 /* College+CoreDataProperties.swift in Sources */ = {isa = PBXBuildFile; fileRef = 1C45C4891F5E5A8D007F5FB7 /* College+CoreDataProperties.swift */; };
		1C45C48E1F5E5A8D007F5FB7 /* Student+CoreDataClass.swift in Sources */ = {isa = PBXBuildFile; fileRef = 1C45C48A1F5E5A8D007F5FB7 /* Student+CoreDataClass.swift */; };
		1C45C48F1F5E5A8D007F5FB7 /* Student+CoreDataProperties.swift in Sources */ = {isa = PBXBuildFile; fileRef = 1C45C48B1F5E5A8D007F5FB7 /* Student+CoreDataProperties.swift */; };
		1C45C4911F5E5B8A007F5FB7 /* StudentDetailViewController.swift in Sources */ = {isa = PBXBuildFile; fileRef = 1C45C4901F5E5B8A007F5FB7 /* StudentDetailViewController.swift */; };
		1C6D76261F59931A00A2D569 /* AppDelegate.swift in Sources */ = {isa = PBXBuildFile; fileRef = 1C6D76251F59931A00A2D569 /* AppDelegate.swift */; };
		1C6D76281F59931A00A2D569 /* ViewController.swift in Sources */ = {isa = PBXBuildFile; fileRef = 1C6D76271F59931A00A2D569 /* ViewController.swift */; };
		1C6D762B1F59931A00A2D569 /* Main.storyboard in Resources */ = {isa = PBXBuildFile; fileRef = 1C6D76291F59931A00A2D569 /* Main.storyboard */; };
		1C6D762E1F59931A00A2D569 /* CoreDataEx.xcdatamodeld in Sources */ = {isa = PBXBuildFile; fileRef = 1C6D762C1F59931A00A2D569 /* CoreDataEx.xcdatamodeld */; };
		1C6D76301F59931A00A2D569 /* Assets.xcassets in Resources */ = {isa = PBXBuildFile; fileRef = 1C6D762F1F59931A00A2D569 /* Assets.xcassets */; };
		1C6D76331F59931A00A2D569 /* LaunchScreen.storyboard in Resources */ = {isa = PBXBuildFile; fileRef = 1C6D76311F59931A00A2D569 /* LaunchScreen.storyboard */; };
		1C6D763E1F59931A00A2D569 /* CoreDataExTests.swift in Sources */ = {isa = PBXBuildFile; fileRef = 1C6D763D1F59931A00A2D569 /* CoreDataExTests.swift */; };
		1C6D76491F59931A00A2D569 /* CoreDataExUITests.swift in Sources */ = {isa = PBXBuildFile; fileRef = 1C6D76481F59931A00A2D569 /* CoreDataExUITests.swift */; };
		1C6D76901F59ACFB00A2D569 /* TableViewController.swift in Sources */ = {isa = PBXBuildFile; fileRef = 1C6D768F1F59ACFB00A2D569 /* TableViewController.swift */; };
/* End PBXBuildFile section */

/* Begin PBXContainerItemProxy section */
		1C6D763A1F59931A00A2D569 /* PBXContainerItemProxy */ = {
			isa = PBXContainerItemProxy;
			containerPortal = 1C6D761A1F59931A00A2D569 /* Project object */;
			proxyType = 1;
			remoteGlobalIDString = 1C6D76211F59931A00A2D569;
			remoteInfo = CoreDataEx;
		};
		1C6D76451F59931A00A2D569 /* PBXContainerItemProxy */ = {
			isa = PBXContainerItemProxy;
			containerPortal = 1C6D761A1F59931A00A2D569 /* Project object */;
			proxyType = 1;
			remoteGlobalIDString = 1C6D76211F59931A00A2D569;
			remoteInfo = CoreDataEx;
		};
		1C6D76711F59941F00A2D569 /* PBXContainerItemProxy */ = {
			isa = PBXContainerItemProxy;
			containerPortal = 1C6D761A1F59931A00A2D569 /* Project object */;
			proxyType = 1;
			remoteGlobalIDString = 1C6D76591F59941F00A2D569;
			remoteInfo = CoreData;
		};
		1C6D767C1F59941F00A2D569 /* PBXContainerItemProxy */ = {
			isa = PBXContainerItemProxy;
			containerPortal = 1C6D761A1F59931A00A2D569 /* Project object */;
			proxyType = 1;
			remoteGlobalIDString = 1C6D76591F59941F00A2D569;
			remoteInfo = CoreData;
		};
/* End PBXContainerItemProxy section */

/* Begin PBXFileReference section */
		1C45C4881F5E5A8D007F5FB7 /* College+CoreDataClass.swift */ = {isa = PBXFileReference; fileEncoding = 4; lastKnownFileType = sourcecode.swift; path = "College+CoreDataClass.swift"; sourceTree = "<group>"; };
		1C45C4891F5E5A8D007F5FB7 /* College+CoreDataProperties.swift */ = {isa = PBXFileReference; fileEncoding = 4; lastKnownFileType = sourcecode.swift; path = "College+CoreDataProperties.swift"; sourceTree = "<group>"; };
		1C45C48A1F5E5A8D007F5FB7 /* Student+CoreDataClass.swift */ = {isa = PBXFileReference; fileEncoding = 4; lastKnownFileType = sourcecode.swift; path = "Student+CoreDataClass.swift"; sourceTree = "<group>"; };
		1C45C48B1F5E5A8D007F5FB7 /* Student+CoreDataProperties.swift */ = {isa = PBXFileReference; fileEncoding = 4; lastKnownFileType = sourcecode.swift; path = "Student+CoreDataProperties.swift"; sourceTree = "<group>"; };
		1C45C4901F5E5B8A007F5FB7 /* StudentDetailViewController.swift */ = {isa = PBXFileReference; fileEncoding = 4; lastKnownFileType = sourcecode.swift; path = StudentDetailViewController.swift; sourceTree = "<group>"; };
		1C6D76221F59931A00A2D569 /* CoreDataEx.app */ = {isa = PBXFileReference; explicitFileType = wrapper.application; includeInIndex = 0; path = CoreDataEx.app; sourceTree = BUILT_PRODUCTS_DIR; };
		1C6D76251F59931A00A2D569 /* AppDelegate.swift */ = {isa = PBXFileReference; lastKnownFileType = sourcecode.swift; path = AppDelegate.swift; sourceTree = "<group>"; };
		1C6D76271F59931A00A2D569 /* ViewController.swift */ = {isa = PBXFileReference; lastKnownFileType = sourcecode.swift; path = ViewController.swift; sourceTree = "<group>"; };
		1C6D762A1F59931A00A2D569 /* Base */ = {isa = PBXFileReference; lastKnownFileType = file.storyboard; name = Base; path = Base.lproj/Main.storyboard; sourceTree = "<group>"; };
		1C6D762D1F59931A00A2D569 /* CoreDataEx.xcdatamodel */ = {isa = PBXFileReference; lastKnownFileType = wrapper.xcdatamodel; path = CoreDataEx.xcdatamodel; sourceTree = "<group>"; };
		1C6D762F1F59931A00A2D569 /* Assets.xcassets */ = {isa = PBXFileReference; lastKnownFileType = folder.assetcatalog; path = Assets.xcassets; sourceTree = "<group>"; };
		1C6D76321F59931A00A2D569 /* Base */ = {isa = PBXFileReference; lastKnownFileType = file.storyboard; name = Base; path = Base.lproj/LaunchScreen.storyboard; sourceTree = "<group>"; };
		1C6D76341F59931A00A2D569 /* Info.plist */ = {isa = PBXFileReference; lastKnownFileType = text.plist.xml; path = Info.plist; sourceTree = "<group>"; };
		1C6D76391F59931A00A2D569 /* CoreDataExTests.xctest */ = {isa = PBXFileReference; explicitFileType = wrapper.cfbundle; includeInIndex = 0; path = CoreDataExTests.xctest; sourceTree = BUILT_PRODUCTS_DIR; };
		1C6D763D1F59931A00A2D569 /* CoreDataExTests.swift */ = {isa = PBXFileReference; lastKnownFileType = sourcecode.swift; path = CoreDataExTests.swift; sourceTree = "<group>"; };
		1C6D763F1F59931A00A2D569 /* Info.plist */ = {isa = PBXFileReference; lastKnownFileType = text.plist.xml; path = Info.plist; sourceTree = "<group>"; };
		1C6D76441F59931A00A2D569 /* CoreDataExUITests.xctest */ = {isa = PBXFileReference; explicitFileType = wrapper.cfbundle; includeInIndex = 0; path = CoreDataExUITests.xctest; sourceTree = BUILT_PRODUCTS_DIR; };
		1C6D76481F59931A00A2D569 /* CoreDataExUITests.swift */ = {isa = PBXFileReference; lastKnownFileType = sourcecode.swift; path = CoreDataExUITests.swift; sourceTree = "<group>"; };
		1C6D764A1F59931A00A2D569 /* Info.plist */ = {isa = PBXFileReference; lastKnownFileType = text.plist.xml; path = Info.plist; sourceTree = "<group>"; };
		1C6D765A1F59941F00A2D569 /* CoreData.app */ = {isa = PBXFileReference; explicitFileType = wrapper.application; includeInIndex = 0; path = CoreData.app; sourceTree = BUILT_PRODUCTS_DIR; };
		1C6D76701F59941F00A2D569 /* CoreDataTests.xctest */ = {isa = PBXFileReference; explicitFileType = wrapper.cfbundle; includeInIndex = 0; path = CoreDataTests.xctest; sourceTree = BUILT_PRODUCTS_DIR; };
		1C6D767B1F59941F00A2D569 /* CoreDataUITests.xctest */ = {isa = PBXFileReference; explicitFileType = wrapper.cfbundle; includeInIndex = 0; path = CoreDataUITests.xctest; sourceTree = BUILT_PRODUCTS_DIR; };
		1C6D768F1F59ACFB00A2D569 /* TableViewController.swift */ = {isa = PBXFileReference; fileEncoding = 4; lastKnownFileType = sourcecode.swift; path = TableViewController.swift; sourceTree = "<group>"; };
/* End PBXFileReference section */

/* Begin PBXFrameworksBuildPhase section */
		1C6D761F1F59931A00A2D569 /* Frameworks */ = {
			isa = PBXFrameworksBuildPhase;
			buildActionMask = 2147483647;
			files = (
			);
			runOnlyForDeploymentPostprocessing = 0;
		};
		1C6D76361F59931A00A2D569 /* Frameworks */ = {
			isa = PBXFrameworksBuildPhase;
			buildActionMask = 2147483647;
			files = (
			);
			runOnlyForDeploymentPostprocessing = 0;
		};
		1C6D76411F59931A00A2D569 /* Frameworks */ = {
			isa = PBXFrameworksBuildPhase;
			buildActionMask = 2147483647;
			files = (
			);
			runOnlyForDeploymentPostprocessing = 0;
		};
		1C6D76571F59941F00A2D569 /* Frameworks */ = {
			isa = PBXFrameworksBuildPhase;
			buildActionMask = 2147483647;
			files = (
			);
			runOnlyForDeploymentPostprocessing = 0;
		};
		1C6D766D1F59941F00A2D569 /* Frameworks */ = {
			isa = PBXFrameworksBuildPhase;
			buildActionMask = 2147483647;
			files = (
			);
			runOnlyForDeploymentPostprocessing = 0;
		};
		1C6D76781F59941F00A2D569 /* Frameworks */ = {
			isa = PBXFrameworksBuildPhase;
			buildActionMask = 2147483647;
			files = (
			);
			runOnlyForDeploymentPostprocessing = 0;
		};
/* End PBXFrameworksBuildPhase section */

/* Begin PBXGroup section */
		1C6D76191F59931A00A2D569 = {
			isa = PBXGroup;
			children = (
				1C6D76241F59931A00A2D569 /* CoreDataEx */,
				1C6D763C1F59931A00A2D569 /* CoreDataExTests */,
				1C6D76471F59931A00A2D569 /* CoreDataExUITests */,
				1C6D76231F59931A00A2D569 /* Products */,
			);
			sourceTree = "<group>";
		};
		1C6D76231F59931A00A2D569 /* Products */ = {
			isa = PBXGroup;
			children = (
				1C6D76221F59931A00A2D569 /* CoreDataEx.app */,
				1C6D76391F59931A00A2D569 /* CoreDataExTests.xctest */,
				1C6D76441F59931A00A2D569 /* CoreDataExUITests.xctest */,
				1C6D765A1F59941F00A2D569 /* CoreData.app */,
				1C6D76701F59941F00A2D569 /* CoreDataTests.xctest */,
				1C6D767B1F59941F00A2D569 /* CoreDataUITests.xctest */,
			);
			name = Products;
			sourceTree = "<group>";
		};
		1C6D76241F59931A00A2D569 /* CoreDataEx */ = {
			isa = PBXGroup;
			children = (
				1C45C4881F5E5A8D007F5FB7 /* College+CoreDataClass.swift */,
				1C45C4891F5E5A8D007F5FB7 /* College+CoreDataProperties.swift */,
				1C45C48A1F5E5A8D007F5FB7 /* Student+CoreDataClass.swift */,
				1C45C48B1F5E5A8D007F5FB7 /* Student+CoreDataProperties.swift */,
				1C6D76251F59931A00A2D569 /* AppDelegate.swift */,
				1C6D76271F59931A00A2D569 /* ViewController.swift */,
				1C45C4901F5E5B8A007F5FB7 /* StudentDetailViewController.swift */,
				1C6D768F1F59ACFB00A2D569 /* TableViewController.swift */,
				1C6D76291F59931A00A2D569 /* Main.storyboard */,
				1C6D762F1F59931A00A2D569 /* Assets.xcassets */,
				1C6D76311F59931A00A2D569 /* LaunchScreen.storyboard */,
				1C6D76341F59931A00A2D569 /* Info.plist */,
				1C6D762C1F59931A00A2D569 /* CoreDataEx.xcdatamodeld */,
			);
			path = CoreDataEx;
			sourceTree = "<group>";
		};
		1C6D763C1F59931A00A2D569 /* CoreDataExTests */ = {
			isa = PBXGroup;
			children = (
				1C6D763D1F59931A00A2D569 /* CoreDataExTests.swift */,
				1C6D763F1F59931A00A2D569 /* Info.plist */,
			);
			path = CoreDataExTests;
			sourceTree = "<group>";
		};
		1C6D76471F59931A00A2D569 /* CoreDataExUITests */ = {
			isa = PBXGroup;
			children = (
				1C6D76481F59931A00A2D569 /* CoreDataExUITests.swift */,
				1C6D764A1F59931A00A2D569 /* Info.plist */,
			);
			path = CoreDataExUITests;
			sourceTree = "<group>";
		};
/* End PBXGroup section */

/* Begin PBXNativeTarget section */
		1C6D76211F59931A00A2D569 /* CoreDataEx */ = {
			isa = PBXNativeTarget;
			buildConfigurationList = 1C6D764D1F59931A00A2D569 /* Build configuration list for PBXNativeTarget "CoreDataEx" */;
			buildPhases = (
				1C6D761E1F59931A00A2D569 /* Sources */,
				1C6D761F1F59931A00A2D569 /* Frameworks */,
				1C6D76201F59931A00A2D569 /* Resources */,
			);
			buildRules = (
			);
			dependencies = (
			);
			name = CoreDataEx;
			productName = CoreDataEx;
			productReference = 1C6D76221F59931A00A2D569 /* CoreDataEx.app */;
			productType = "com.apple.product-type.application";
		};
		1C6D76381F59931A00A2D569 /* CoreDataExTests */ = {
			isa = PBXNativeTarget;
			buildConfigurationList = 1C6D76501F59931A00A2D569 /* Build configuration list for PBXNativeTarget "CoreDataExTests" */;
			buildPhases = (
				1C6D76351F59931A00A2D569 /* Sources */,
				1C6D76361F59931A00A2D569 /* Frameworks */,
				1C6D76371F59931A00A2D569 /* Resources */,
			);
			buildRules = (
			);
			dependencies = (
				1C6D763B1F59931A00A2D569 /* PBXTargetDependency */,
			);
			name = CoreDataExTests;
			productName = CoreDataExTests;
			productReference = 1C6D76391F59931A00A2D569 /* CoreDataExTests.xctest */;
			productType = "com.apple.product-type.bundle.unit-test";
		};
		1C6D76431F59931A00A2D569 /* CoreDataExUITests */ = {
			isa = PBXNativeTarget;
			buildConfigurationList = 1C6D76531F59931A00A2D569 /* Build configuration list for PBXNativeTarget "CoreDataExUITests" */;
			buildPhases = (
				1C6D76401F59931A00A2D569 /* Sources */,
				1C6D76411F59931A00A2D569 /* Frameworks */,
				1C6D76421F59931A00A2D569 /* Resources */,
			);
			buildRules = (
			);
			dependencies = (
				1C6D76461F59931A00A2D569 /* PBXTargetDependency */,
			);
			name = CoreDataExUITests;
			productName = CoreDataExUITests;
			productReference = 1C6D76441F59931A00A2D569 /* CoreDataExUITests.xctest */;
			productType = "com.apple.product-type.bundle.ui-testing";
		};
		1C6D76591F59941F00A2D569 /* CoreData */ = {
			isa = PBXNativeTarget;
			buildConfigurationList = 1C6D76821F59941F00A2D569 /* Build configuration list for PBXNativeTarget "CoreData" */;
			buildPhases = (
				1C6D76561F59941F00A2D569 /* Sources */,
				1C6D76571F59941F00A2D569 /* Frameworks */,
				1C6D76581F59941F00A2D569 /* Resources */,
			);
			buildRules = (
			);
			dependencies = (
			);
			name = CoreData;
			productName = CoreData;
			productReference = 1C6D765A1F59941F00A2D569 /* CoreData.app */;
			productType = "com.apple.product-type.application";
		};
		1C6D766F1F59941F00A2D569 /* CoreDataTests */ = {
			isa = PBXNativeTarget;
			buildConfigurationList = 1C6D76851F59941F00A2D569 /* Build configuration list for PBXNativeTarget "CoreDataTests" */;
			buildPhases = (
				1C6D766C1F59941F00A2D569 /* Sources */,
				1C6D766D1F59941F00A2D569 /* Frameworks */,
				1C6D766E1F59941F00A2D569 /* Resources */,
			);
			buildRules = (
			);
			dependencies = (
				1C6D76721F59941F00A2D569 /* PBXTargetDependency */,
			);
			name = CoreDataTests;
			productName = CoreDataTests;
			productReference = 1C6D76701F59941F00A2D569 /* CoreDataTests.xctest */;
			productType = "com.apple.product-type.bundle.unit-test";
		};
		1C6D767A1F59941F00A2D569 /* CoreDataUITests */ = {
			isa = PBXNativeTarget;
			buildConfigurationList = 1C6D76881F59941F00A2D569 /* Build configuration list for PBXNativeTarget "CoreDataUITests" */;
			buildPhases = (
				1C6D76771F59941F00A2D569 /* Sources */,
				1C6D76781F59941F00A2D569 /* Frameworks */,
				1C6D76791F59941F00A2D569 /* Resources */,
			);
			buildRules = (
			);
			dependencies = (
				1C6D767D1F59941F00A2D569 /* PBXTargetDependency */,
			);
			name = CoreDataUITests;
			productName = CoreDataUITests;
			productReference = 1C6D767B1F59941F00A2D569 /* CoreDataUITests.xctest */;
			productType = "com.apple.product-type.bundle.ui-testing";
		};
/* End PBXNativeTarget section */

/* Begin PBXProject section */
		1C6D761A1F59931A00A2D569 /* Project object */ = {
			isa = PBXProject;
			attributes = {
				LastSwiftUpdateCheck = 0830;
				LastUpgradeCheck = 0830;
				ORGANIZATIONNAME = "Deeksha Shenoy";
				TargetAttributes = {
					1C6D76211F59931A00A2D569 = {
						CreatedOnToolsVersion = 8.3.2;
						ProvisioningStyle = Automatic;
					};
					1C6D76381F59931A00A2D569 = {
						CreatedOnToolsVersion = 8.3.2;
						ProvisioningStyle = Automatic;
						TestTargetID = 1C6D76211F59931A00A2D569;
					};
					1C6D76431F59931A00A2D569 = {
						CreatedOnToolsVersion = 8.3.2;
						ProvisioningStyle = Automatic;
						TestTargetID = 1C6D76211F59931A00A2D569;
					};
					1C6D76591F59941F00A2D569 = {
						CreatedOnToolsVersion = 8.3.2;
						ProvisioningStyle = Automatic;
					};
					1C6D766F1F59941F00A2D569 = {
						CreatedOnToolsVersion = 8.3.2;
						ProvisioningStyle = Automatic;
						TestTargetID = 1C6D76591F59941F00A2D569;
					};
					1C6D767A1F59941F00A2D569 = {
						CreatedOnToolsVersion = 8.3.2;
						ProvisioningStyle = Automatic;
						TestTargetID = 1C6D76591F59941F00A2D569;
					};
				};
			};
			buildConfigurationList = 1C6D761D1F59931A00A2D569 /* Build configuration list for PBXProject "CoreDataEx" */;
			compatibilityVersion = "Xcode 3.2";
			developmentRegion = English;
			hasScannedForEncodings = 0;
			knownRegions = (
				en,
				Base,
			);
			mainGroup = 1C6D76191F59931A00A2D569;
			productRefGroup = 1C6D76231F59931A00A2D569 /* Products */;
			projectDirPath = "";
			projectRoot = "";
			targets = (
				1C6D76211F59931A00A2D569 /* CoreDataEx */,
				1C6D76381F59931A00A2D569 /* CoreDataExTests */,
				1C6D76431F59931A00A2D569 /* CoreDataExUITests */,
				1C6D76591F59941F00A2D569 /* CoreData */,
				1C6D766F1F59941F00A2D569 /* CoreDataTests */,
				1C6D767A1F59941F00A2D569 /* CoreDataUITests */,
			);
		};
/* End PBXProject section */

/* Begin PBXResourcesBuildPhase section */
		1C6D76201F59931A00A2D569 /* Resources */ = {
			isa = PBXResourcesBuildPhase;
			buildActionMask = 2147483647;
			files = (
				1C6D76331F59931A00A2D569 /* LaunchScreen.storyboard in Resources */,
				1C6D76301F59931A00A2D569 /* Assets.xcassets in Resources */,
				1C6D762B1F59931A00A2D569 /* Main.storyboard in Resources */,
			);
			runOnlyForDeploymentPostprocessing = 0;
		};
		1C6D76371F59931A00A2D569 /* Resources */ = {
			isa = PBXResourcesBuildPhase;
			buildActionMask = 2147483647;
			files = (
			);
			runOnlyForDeploymentPostprocessing = 0;
		};
		1C6D76421F59931A00A2D569 /* Resources */ = {
			isa = PBXResourcesBuildPhase;
			buildActionMask = 2147483647;
			files = (
			);
			runOnlyForDeploymentPostprocessing = 0;
		};
		1C6D76581F59941F00A2D569 /* Resources */ = {
			isa = PBXResourcesBuildPhase;
			buildActionMask = 2147483647;
			files = (
			);
			runOnlyForDeploymentPostprocessing = 0;
		};
		1C6D766E1F59941F00A2D569 /* Resources */ = {
			isa = PBXResourcesBuildPhase;
			buildActionMask = 2147483647;
			files = (
			);
			runOnlyForDeploymentPostprocessing = 0;
		};
		1C6D76791F59941F00A2D569 /* Resources */ = {
			isa = PBXResourcesBuildPhase;
			buildActionMask = 2147483647;
			files = (
			);
			runOnlyForDeploymentPostprocessing = 0;
		};
/* End PBXResourcesBuildPhase section */

/* Begin PBXSourcesBuildPhase section */
		1C6D761E1F59931A00A2D569 /* Sources */ = {
			isa = PBXSourcesBuildPhase;
			buildActionMask = 2147483647;
			files = (
				1C6D762E1F59931A00A2D569 /* CoreDataEx.xcdatamodeld in Sources */,
				1C6D76901F59ACFB00A2D569 /* TableViewController.swift in Sources */,
				1C45C4911F5E5B8A007F5FB7 /* StudentDetailViewController.swift in Sources */,
				1C45C48F1F5E5A8D007F5FB7 /* Student+CoreDataProperties.swift in Sources */,
				1C6D76281F59931A00A2D569 /* ViewController.swift in Sources */,
				1C45C48E1F5E5A8D007F5FB7 /* Student+CoreDataClass.swift in Sources */,
				1C45C48C1F5E5A8D007F5FB7 /* College+CoreDataClass.swift in Sources */,
				1C45C48D1F5E5A8D007F5FB7 /* College+CoreDataProperties.swift in Sources */,
				1C6D76261F59931A00A2D569 /* AppDelegate.swift in Sources */,
			);
			runOnlyForDeploymentPostprocessing = 0;
		};
		1C6D76351F59931A00A2D569 /* Sources */ = {
			isa = PBXSourcesBuildPhase;
			buildActionMask = 2147483647;
			files = (
				1C6D763E1F59931A00A2D569 /* CoreDataExTests.swift in Sources */,
			);
			runOnlyForDeploymentPostprocessing = 0;
		};
		1C6D76401F59931A00A2D569 /* Sources */ = {
			isa = PBXSourcesBuildPhase;
			buildActionMask = 2147483647;
			files = (
				1C6D76491F59931A00A2D569 /* CoreDataExUITests.swift in Sources */,
			);
			runOnlyForDeploymentPostprocessing = 0;
		};
		1C6D76561F59941F00A2D569 /* Sources */ = {
			isa = PBXSourcesBuildPhase;
			buildActionMask = 2147483647;
			files = (
			);
			runOnlyForDeploymentPostprocessing = 0;
		};
		1C6D766C1F59941F00A2D569 /* Sources */ = {
			isa = PBXSourcesBuildPhase;
			buildActionMask = 2147483647;
			files = (
			);
			runOnlyForDeploymentPostprocessing = 0;
		};
		1C6D76771F59941F00A2D569 /* Sources */ = {
			isa = PBXSourcesBuildPhase;
			buildActionMask = 2147483647;
			files = (
			);
			runOnlyForDeploymentPostprocessing = 0;
		};
/* End PBXSourcesBuildPhase section */

/* Begin PBXTargetDependency section */
		1C6D763B1F59931A00A2D569 /* PBXTargetDependency */ = {
			isa = PBXTargetDependency;
			target = 1C6D76211F59931A00A2D569 /* CoreDataEx */;
			targetProxy = 1C6D763A1F59931A00A2D569 /* PBXContainerItemProxy */;
		};
		1C6D76461F59931A00A2D569 /* PBXTargetDependency */ = {
			isa = PBXTargetDependency;
			target = 1C6D76211F59931A00A2D569 /* CoreDataEx */;
			targetProxy = 1C6D76451F59931A00A2D569 /* PBXContainerItemProxy */;
		};
		1C6D76721F59941F00A2D569 /* PBXTargetDependency */ = {
			isa = PBXTargetDependency;
			target = 1C6D76591F59941F00A2D569 /* CoreData */;
			targetProxy = 1C6D76711F59941F00A2D569 /* PBXContainerItemProxy */;
		};
		1C6D767D1F59941F00A2D569 /* PBXTargetDependency */ = {
			isa = PBXTargetDependency;
			target = 1C6D76591F59941F00A2D569 /* CoreData */;
			targetProxy = 1C6D767C1F59941F00A2D569 /* PBXContainerItemProxy */;
		};
/* End PBXTargetDependency section */

/* Begin PBXVariantGroup section */
		1C6D76291F59931A00A2D569 /* Main.storyboard */ = {
			isa = PBXVariantGroup;
			children = (
				1C6D762A1F59931A00A2D569 /* Base */,
			);
			name = Main.storyboard;
			sourceTree = "<group>";
		};
		1C6D76311F59931A00A2D569 /* LaunchScreen.storyboard */ = {
			isa = PBXVariantGroup;
			children = (
				1C6D76321F59931A00A2D569 /* Base */,
			);
			name = LaunchScreen.storyboard;
			sourceTree = "<group>";
		};
/* End PBXVariantGroup section */

/* Begin XCBuildConfiguration section */
		1C6D764B1F59931A00A2D569 /* Debug */ = {
			isa = XCBuildConfiguration;
			buildSettings = {
				ALWAYS_SEARCH_USER_PATHS = NO;
				CLANG_ANALYZER_NONNULL = YES;
				CLANG_ANALYZER_NUMBER_OBJECT_CONVERSION = YES_AGGRESSIVE;
				CLANG_CXX_LANGUAGE_STANDARD = "gnu++0x";
				CLANG_CXX_LIBRARY = "libc++";
				CLANG_ENABLE_MODULES = YES;
				CLANG_ENABLE_OBJC_ARC = YES;
				CLANG_WARN_BOOL_CONVERSION = YES;
				CLANG_WARN_CONSTANT_CONVERSION = YES;
				CLANG_WARN_DIRECT_OBJC_ISA_USAGE = YES_ERROR;
				CLANG_WARN_DOCUMENTATION_COMMENTS = YES;
				CLANG_WARN_EMPTY_BODY = YES;
				CLANG_WARN_ENUM_CONVERSION = YES;
				CLANG_WARN_INFINITE_RECURSION = YES;
				CLANG_WARN_INT_CONVERSION = YES;
				CLANG_WARN_OBJC_ROOT_CLASS = YES_ERROR;
				CLANG_WARN_SUSPICIOUS_MOVE = YES;
				CLANG_WARN_UNREACHABLE_CODE = YES;
				CLANG_WARN__DUPLICATE_METHOD_MATCH = YES;
				"CODE_SIGN_IDENTITY[sdk=iphoneos*]" = "iPhone Developer";
				COPY_PHASE_STRIP = NO;
				DEBUG_INFORMATION_FORMAT = dwarf;
				ENABLE_STRICT_OBJC_MSGSEND = YES;
				ENABLE_TESTABILITY = YES;
				GCC_C_LANGUAGE_STANDARD = gnu99;
				GCC_DYNAMIC_NO_PIC = NO;
				GCC_NO_COMMON_BLOCKS = YES;
				GCC_OPTIMIZATION_LEVEL = 0;
				GCC_PREPROCESSOR_DEFINITIONS = (
					"DEBUG=1",
					"$(inherited)",
				);
				GCC_WARN_64_TO_32_BIT_CONVERSION = YES;
				GCC_WARN_ABOUT_RETURN_TYPE = YES_ERROR;
				GCC_WARN_UNDECLARED_SELECTOR = YES;
				GCC_WARN_UNINITIALIZED_AUTOS = YES_AGGRESSIVE;
				GCC_WARN_UNUSED_FUNCTION = YES;
				GCC_WARN_UNUSED_VARIABLE = YES;
				IPHONEOS_DEPLOYMENT_TARGET = 10.3;
				MTL_ENABLE_DEBUG_INFO = YES;
				ONLY_ACTIVE_ARCH = YES;
				SDKROOT = iphoneos;
				SWIFT_ACTIVE_COMPILATION_CONDITIONS = DEBUG;
				SWIFT_OPTIMIZATION_LEVEL = "-Onone";
				TARGETED_DEVICE_FAMILY = "1,2";
			};
			name = Debug;
		};
		1C6D764C1F59931A00A2D569 /* Release */ = {
			isa = XCBuildConfiguration;
			buildSettings = {
				ALWAYS_SEARCH_USER_PATHS = NO;
				CLANG_ANALYZER_NONNULL = YES;
				CLANG_ANALYZER_NUMBER_OBJECT_CONVERSION = YES_AGGRESSIVE;
				CLANG_CXX_LANGUAGE_STANDARD = "gnu++0x";
				CLANG_CXX_LIBRARY = "libc++";
				CLANG_ENABLE_MODULES = YES;
				CLANG_ENABLE_OBJC_ARC = YES;
				CLANG_WARN_BOOL_CONVERSION = YES;
				CLANG_WARN_CONSTANT_CONVERSION = YES;
				CLANG_WARN_DIRECT_OBJC_ISA_USAGE = YES_ERROR;
				CLANG_WARN_DOCUMENTATION_COMMENTS = YES;
				CLANG_WARN_EMPTY_BODY = YES;
				CLANG_WARN_ENUM_CONVERSION = YES;
				CLANG_WARN_INFINITE_RECURSION = YES;
				CLANG_WARN_INT_CONVERSION = YES;
				CLANG_WARN_OBJC_ROOT_CLASS = YES_ERROR;
				CLANG_WARN_SUSPICIOUS_MOVE = YES;
				CLANG_WARN_UNREACHABLE_CODE = YES;
				CLANG_WARN__DUPLICATE_METHOD_MATCH = YES;
				"CODE_SIGN_IDENTITY[sdk=iphoneos*]" = "iPhone Developer";
				COPY_PHASE_STRIP = NO;
				DEBUG_INFORMATION_FORMAT = "dwarf-with-dsym";
				ENABLE_NS_ASSERTIONS = NO;
				ENABLE_STRICT_OBJC_MSGSEND = YES;
				GCC_C_LANGUAGE_STANDARD = gnu99;
				GCC_NO_COMMON_BLOCKS = YES;
				GCC_WARN_64_TO_32_BIT_CONVERSION = YES;
				GCC_WARN_ABOUT_RETURN_TYPE = YES_ERROR;
				GCC_WARN_UNDECLARED_SELECTOR = YES;
				GCC_WARN_UNINITIALIZED_AUTOS = YES_AGGRESSIVE;
				GCC_WARN_UNUSED_FUNCTION = YES;
				GCC_WARN_UNUSED_VARIABLE = YES;
				IPHONEOS_DEPLOYMENT_TARGET = 10.3;
				MTL_ENABLE_DEBUG_INFO = NO;
				SDKROOT = iphoneos;
				SWIFT_OPTIMIZATION_LEVEL = "-Owholemodule";
				TARGETED_DEVICE_FAMILY = "1,2";
				VALIDATE_PRODUCT = YES;
			};
			name = Release;
		};
		1C6D764E1F59931A00A2D569 /* Debug */ = {
			isa = XCBuildConfiguration;
			buildSettings = {
				ASSETCATALOG_COMPILER_APPICON_NAME = AppIcon;
				INFOPLIST_FILE = CoreDataEx/Info.plist;
				LD_RUNPATH_SEARCH_PATHS = "$(inherited) @executable_path/Frameworks";
				PRODUCT_BUNDLE_IDENTIFIER = yml.CoreDataEx;
				PRODUCT_NAME = "$(TARGET_NAME)";
				SWIFT_VERSION = 3.0;
			};
			name = Debug;
		};
		1C6D764F1F59931A00A2D569 /* Release */ = {
			isa = XCBuildConfiguration;
			buildSettings = {
				ASSETCATALOG_COMPILER_APPICON_NAME = AppIcon;
				INFOPLIST_FILE = CoreDataEx/Info.plist;
				LD_RUNPATH_SEARCH_PATHS = "$(inherited) @executable_path/Frameworks";
				PRODUCT_BUNDLE_IDENTIFIER = yml.CoreDataEx;
				PRODUCT_NAME = "$(TARGET_NAME)";
				SWIFT_VERSION = 3.0;
			};
			name = Release;
		};
		1C6D76511F59931A00A2D569 /* Debug */ = {
			isa = XCBuildConfiguration;
			buildSettings = {
				ALWAYS_EMBED_SWIFT_STANDARD_LIBRARIES = YES;
				BUNDLE_LOADER = "$(TEST_HOST)";
				INFOPLIST_FILE = CoreDataExTests/Info.plist;
				LD_RUNPATH_SEARCH_PATHS = "$(inherited) @executable_path/Frameworks @loader_path/Frameworks";
				PRODUCT_BUNDLE_IDENTIFIER = yml.CoreDataExTests;
				PRODUCT_NAME = "$(TARGET_NAME)";
				SWIFT_VERSION = 3.0;
				TEST_HOST = "$(BUILT_PRODUCTS_DIR)/CoreDataEx.app/CoreDataEx";
			};
			name = Debug;
		};
		1C6D76521F59931A00A2D569 /* Release */ = {
			isa = XCBuildConfiguration;
			buildSettings = {
				ALWAYS_EMBED_SWIFT_STANDARD_LIBRARIES = YES;
				BUNDLE_LOADER = "$(TEST_HOST)";
				INFOPLIST_FILE = CoreDataExTests/Info.plist;
				LD_RUNPATH_SEARCH_PATHS = "$(inherited) @executable_path/Frameworks @loader_path/Frameworks";
				PRODUCT_BUNDLE_IDENTIFIER = yml.CoreDataExTests;
				PRODUCT_NAME = "$(TARGET_NAME)";
				SWIFT_VERSION = 3.0;
				TEST_HOST = "$(BUILT_PRODUCTS_DIR)/CoreDataEx.app/CoreDataEx";
			};
			name = Release;
		};
		1C6D76541F59931A00A2D569 /* Debug */ = {
			isa = XCBuildConfiguration;
			buildSettings = {
				ALWAYS_EMBED_SWIFT_STANDARD_LIBRARIES = YES;
				INFOPLIST_FILE = CoreDataExUITests/Info.plist;
				LD_RUNPATH_SEARCH_PATHS = "$(inherited) @executable_path/Frameworks @loader_path/Frameworks";
				PRODUCT_BUNDLE_IDENTIFIER = yml.CoreDataExUITests;
				PRODUCT_NAME = "$(TARGET_NAME)";
				SWIFT_VERSION = 3.0;
				TEST_TARGET_NAME = CoreDataEx;
			};
			name = Debug;
		};
		1C6D76551F59931A00A2D569 /* Release */ = {
			isa = XCBuildConfiguration;
			buildSettings = {
				ALWAYS_EMBED_SWIFT_STANDARD_LIBRARIES = YES;
				INFOPLIST_FILE = CoreDataExUITests/Info.plist;
				LD_RUNPATH_SEARCH_PATHS = "$(inherited) @executable_path/Frameworks @loader_path/Frameworks";
				PRODUCT_BUNDLE_IDENTIFIER = yml.CoreDataExUITests;
				PRODUCT_NAME = "$(TARGET_NAME)";
				SWIFT_VERSION = 3.0;
				TEST_TARGET_NAME = CoreDataEx;
			};
			name = Release;
		};
		1C6D76831F59941F00A2D569 /* Debug */ = {
			isa = XCBuildConfiguration;
			buildSettings = {
				ASSETCATALOG_COMPILER_APPICON_NAME = AppIcon;
				INFOPLIST_FILE = CoreData/Info.plist;
				LD_RUNPATH_SEARCH_PATHS = "$(inherited) @executable_path/Frameworks";
				PRODUCT_BUNDLE_IDENTIFIER = yml.CoreData;
				PRODUCT_NAME = "$(TARGET_NAME)";
				SWIFT_VERSION = 3.0;
			};
			name = Debug;
		};
		1C6D76841F59941F00A2D569 /* Release */ = {
			isa = XCBuildConfiguration;
			buildSettings = {
				ASSETCATALOG_COMPILER_APPICON_NAME = AppIcon;
				INFOPLIST_FILE = CoreData/Info.plist;
				LD_RUNPATH_SEARCH_PATHS = "$(inherited) @executable_path/Frameworks";
				PRODUCT_BUNDLE_IDENTIFIER = yml.CoreData;
				PRODUCT_NAME = "$(TARGET_NAME)";
				SWIFT_VERSION = 3.0;
			};
			name = Release;
		};
		1C6D76861F59941F00A2D569 /* Debug */ = {
			isa = XCBuildConfiguration;
			buildSettings = {
				BUNDLE_LOADER = "$(TEST_HOST)";
				INFOPLIST_FILE = CoreDataTests/Info.plist;
				LD_RUNPATH_SEARCH_PATHS = "$(inherited) @executable_path/Frameworks @loader_path/Frameworks";
				PRODUCT_BUNDLE_IDENTIFIER = yml.CoreDataTests;
				PRODUCT_NAME = "$(TARGET_NAME)";
				SWIFT_VERSION = 3.0;
				TEST_HOST = "$(BUILT_PRODUCTS_DIR)/CoreData.app/CoreData";
			};
			name = Debug;
		};
		1C6D76871F59941F00A2D569 /* Release */ = {
			isa = XCBuildConfiguration;
			buildSettings = {
				BUNDLE_LOADER = "$(TEST_HOST)";
				INFOPLIST_FILE = CoreDataTests/Info.plist;
				LD_RUNPATH_SEARCH_PATHS = "$(inherited) @executable_path/Frameworks @loader_path/Frameworks";
				PRODUCT_BUNDLE_IDENTIFIER = yml.CoreDataTests;
				PRODUCT_NAME = "$(TARGET_NAME)";
				SWIFT_VERSION = 3.0;
				TEST_HOST = "$(BUILT_PRODUCTS_DIR)/CoreData.app/CoreData";
			};
			name = Release;
		};
		1C6D76891F59941F00A2D569 /* Debug */ = {
			isa = XCBuildConfiguration;
			buildSettings = {
				INFOPLIST_FILE = CoreDataUITests/Info.plist;
				LD_RUNPATH_SEARCH_PATHS = "$(inherited) @executable_path/Frameworks @loader_path/Frameworks";
				PRODUCT_BUNDLE_IDENTIFIER = yml.CoreDataUITests;
				PRODUCT_NAME = "$(TARGET_NAME)";
				SWIFT_VERSION = 3.0;
				TEST_TARGET_NAME = CoreData;
			};
			name = Debug;
		};
		1C6D768A1F59941F00A2D569 /* Release */ = {
			isa = XCBuildConfiguration;
			buildSettings = {
				INFOPLIST_FILE = CoreDataUITests/Info.plist;
				LD_RUNPATH_SEARCH_PATHS = "$(inherited) @executable_path/Frameworks @loader_path/Frameworks";
				PRODUCT_BUNDLE_IDENTIFIER = yml.CoreDataUITests;
				PRODUCT_NAME = "$(TARGET_NAME)";
				SWIFT_VERSION = 3.0;
				TEST_TARGET_NAME = CoreData;
			};
			name = Release;
		};
/* End XCBuildConfiguration section */

/* Begin XCConfigurationList section */
		1C6D761D1F59931A00A2D569 /* Build configuration list for PBXProject "CoreDataEx" */ = {
			isa = XCConfigurationList;
			buildConfigurations = (
				1C6D764B1F59931A00A2D569 /* Debug */,
				1C6D764C1F59931A00A2D569 /* Release */,
			);
			defaultConfigurationIsVisible = 0;
			defaultConfigurationName = Release;
		};
		1C6D764D1F59931A00A2D569 /* Build configuration list for PBXNativeTarget "CoreDataEx" */ = {
			isa = XCConfigurationList;
			buildConfigurations = (
				1C6D764E1F59931A00A2D569 /* Debug */,
				1C6D764F1F59931A00A2D569 /* Release */,
			);
			defaultConfigurationIsVisible = 0;
			defaultConfigurationName = Release;
		};
		1C6D76501F59931A00A2D569 /* Build configuration list for PBXNativeTarget "CoreDataExTests" */ = {
			isa = XCConfigurationList;
			buildConfigurations = (
				1C6D76511F59931A00A2D569 /* Debug */,
				1C6D76521F59931A00A2D569 /* Release */,
			);
			defaultConfigurationIsVisible = 0;
			defaultConfigurationName = Release;
		};
		1C6D76531F59931A00A2D569 /* Build configuration list for PBXNativeTarget "CoreDataExUITests" */ = {
			isa = XCConfigurationList;
			buildConfigurations = (
				1C6D76541F59931A00A2D569 /* Debug */,
				1C6D76551F59931A00A2D569 /* Release */,
			);
			defaultConfigurationIsVisible = 0;
			defaultConfigurationName = Release;
		};
		1C6D76821F59941F00A2D569 /* Build configuration list for PBXNativeTarget "CoreData" */ = {
			isa = XCConfigurationList;
			buildConfigurations = (
				1C6D76831F59941F00A2D569 /* Debug */,
				1C6D76841F59941F00A2D569 /* Release */,
			);
			defaultConfigurationIsVisible = 0;
			defaultConfigurationName = Release;
		};
		1C6D76851F59941F00A2D569 /* Build configuration list for PBXNativeTarget "CoreDataTests" */ = {
			isa = XCConfigurationList;
			buildConfigurations = (
				1C6D76861F59941F00A2D569 /* Debug */,
				1C6D76871F59941F00A2D569 /* Release */,
			);
			defaultConfigurationIsVisible = 0;
			defaultConfigurationName = Release;
		};
		1C6D76881F59941F00A2D569 /* Build configuration list for PBXNativeTarget "CoreDataUITests" */ = {
			isa = XCConfigurationList;
			buildConfigurations = (
				1C6D76891F59941F00A2D569 /* Debug */,
				1C6D768A1F59941F00A2D569 /* Release */,
			);
			defaultConfigurationIsVisible = 0;
			defaultConfigurationName = Release;
		};
/* End XCConfigurationList section */

/* Begin XCVersionGroup section */
		1C6D762C1F59931A00A2D569 /* CoreDataEx.xcdatamodeld */ = {
			isa = XCVersionGroup;
			children = (
				1C6D762D1F59931A00A2D569 /* CoreDataEx.xcdatamodel */,
			);
			currentVersion = 1C6D762D1F59931A00A2D569 /* CoreDataEx.xcdatamodel */;
			path = CoreDataEx.xcdatamodeld;
			sourceTree = "<group>";
			versionGroupType = wrapper.xcdatamodel;
		};
/* End XCVersionGroup section */
	};
	rootObject = 1C6D761A1F59931A00A2D569 /* Project object */;
}
